// !$*UTF8*$!
{
	archiveVersion = 1;
	classes = {
	};
	objectVersion = 50;
	objects = {

/* Begin PBXBuildFile section */
		153CF7A82238224E00932AF2 /* AppDelegate.swift in Sources */ = {isa = PBXBuildFile; fileRef = 153CF7A72238224E00932AF2 /* AppDelegate.swift */; };
		153CF7AA2238224E00932AF2 /* ViewController.swift in Sources */ = {isa = PBXBuildFile; fileRef = 153CF7A92238224E00932AF2 /* ViewController.swift */; };
		153CF7AD2238224E00932AF2 /* Main.storyboard in Resources */ = {isa = PBXBuildFile; fileRef = 153CF7AB2238224E00932AF2 /* Main.storyboard */; };
		153CF7AF2238224F00932AF2 /* Assets.xcassets in Resources */ = {isa = PBXBuildFile; fileRef = 153CF7AE2238224F00932AF2 /* Assets.xcassets */; };
		153CF7B22238224F00932AF2 /* LaunchScreen.storyboard in Resources */ = {isa = PBXBuildFile; fileRef = 153CF7B02238224F00932AF2 /* LaunchScreen.storyboard */; };
		153CF7BC223823E500932AF2 /* HealthKit.framework in Frameworks */ = {isa = PBXBuildFile; fileRef = 153CF7BB223823E500932AF2 /* HealthKit.framework */; };
		156A4B382257CA5900229AA1 /* SocketIO.framework in Frameworks */ = {isa = PBXBuildFile; fileRef = 156A4B362257CA5900229AA1 /* SocketIO.framework */; };
		156A4B392257CA5900229AA1 /* SocketIO.framework in Embed Frameworks */ = {isa = PBXBuildFile; fileRef = 156A4B362257CA5900229AA1 /* SocketIO.framework */; settings = {ATTRIBUTES = (CodeSignOnCopy, RemoveHeadersOnCopy, ); }; };
		156A4B3A2257CA5900229AA1 /* Starscream.framework in Frameworks */ = {isa = PBXBuildFile; fileRef = 156A4B372257CA5900229AA1 /* Starscream.framework */; };
		156A4B3B2257CA5900229AA1 /* Starscream.framework in Embed Frameworks */ = {isa = PBXBuildFile; fileRef = 156A4B372257CA5900229AA1 /* Starscream.framework */; settings = {ATTRIBUTES = (CodeSignOnCopy, RemoveHeadersOnCopy, ); }; };
/* End PBXBuildFile section */

/* Begin PBXCopyFilesBuildPhase section */
		156A4B3C2257CA5900229AA1 /* Embed Frameworks */ = {
			isa = PBXCopyFilesBuildPhase;
			buildActionMask = 2147483647;
			dstPath = "";
			dstSubfolderSpec = 10;
			files = (
				156A4B392257CA5900229AA1 /* SocketIO.framework in Embed Frameworks */,
				156A4B3B2257CA5900229AA1 /* Starscream.framework in Embed Frameworks */,
			);
			name = "Embed Frameworks";
			runOnlyForDeploymentPostprocessing = 0;
		};
/* End PBXCopyFilesBuildPhase section */

/* Begin PBXFileReference section */
		153CF7A42238224E00932AF2 /* HRM-Client.app */ = {isa = PBXFileReference; explicitFileType = wrapper.application; includeInIndex = 0; path = "HRM-Client.app"; sourceTree = BUILT_PRODUCTS_DIR; };
		153CF7A72238224E00932AF2 /* AppDelegate.swift */ = {isa = PBXFileReference; lastKnownFileType = sourcecode.swift; path = AppDelegate.swift; sourceTree = "<group>"; };
		153CF7A92238224E00932AF2 /* ViewController.swift */ = {isa = PBXFileReference; lastKnownFileType = sourcecode.swift; path = ViewController.swift; sourceTree = "<group>"; };
		153CF7AC2238224E00932AF2 /* Base */ = {isa = PBXFileReference; lastKnownFileType = file.storyboard; name = Base; path = Base.lproj/Main.storyboard; sourceTree = "<group>"; };
		153CF7AE2238224F00932AF2 /* Assets.xcassets */ = {isa = PBXFileReference; lastKnownFileType = folder.assetcatalog; path = Assets.xcassets; sourceTree = "<group>"; };
		153CF7B12238224F00932AF2 /* Base */ = {isa = PBXFileReference; lastKnownFileType = file.storyboard; name = Base; path = Base.lproj/LaunchScreen.storyboard; sourceTree = "<group>"; };
		153CF7B32238224F00932AF2 /* Info.plist */ = {isa = PBXFileReference; lastKnownFileType = text.plist.xml; path = Info.plist; sourceTree = "<group>"; };
		153CF7B9223823E500932AF2 /* HRM-Client.entitlements */ = {isa = PBXFileReference; lastKnownFileType = text.plist.entitlements; path = "HRM-Client.entitlements"; sourceTree = "<group>"; };
		153CF7BB223823E500932AF2 /* HealthKit.framework */ = {isa = PBXFileReference; lastKnownFileType = wrapper.framework; name = HealthKit.framework; path = System/Library/Frameworks/HealthKit.framework; sourceTree = SDKROOT; };
		156A4B362257CA5900229AA1 /* SocketIO.framework */ = {isa = PBXFileReference; lastKnownFileType = wrapper.framework; name = SocketIO.framework; path = Carthage/Build/iOS/SocketIO.framework; sourceTree = "<group>"; };
		156A4B372257CA5900229AA1 /* Starscream.framework */ = {isa = PBXFileReference; lastKnownFileType = wrapper.framework; name = Starscream.framework; path = Carthage/Build/iOS/Starscream.framework; sourceTree = "<group>"; };
/* End PBXFileReference section */

/* Begin PBXFrameworksBuildPhase section */
		153CF7A12238224E00932AF2 /* Frameworks */ = {
			isa = PBXFrameworksBuildPhase;
			buildActionMask = 2147483647;
			files = (
				153CF7BC223823E500932AF2 /* HealthKit.framework in Frameworks */,
				156A4B3A2257CA5900229AA1 /* Starscream.framework in Frameworks */,
				156A4B382257CA5900229AA1 /* SocketIO.framework in Frameworks */,
			);
			runOnlyForDeploymentPostprocessing = 0;
		};
/* End PBXFrameworksBuildPhase section */

/* Begin PBXGroup section */
		153CF79B2238224E00932AF2 = {
			isa = PBXGroup;
			children = (
				156A4B362257CA5900229AA1 /* SocketIO.framework */,
				156A4B372257CA5900229AA1 /* Starscream.framework */,
				153CF7A62238224E00932AF2 /* HRM-Client */,
				153CF7A52238224E00932AF2 /* Products */,
				153CF7BA223823E500932AF2 /* Frameworks */,
			);
			sourceTree = "<group>";
		};
		153CF7A52238224E00932AF2 /* Products */ = {
			isa = PBXGroup;
			children = (
				153CF7A42238224E00932AF2 /* HRM-Client.app */,
			);
			name = Products;
			sourceTree = "<group>";
		};
		153CF7A62238224E00932AF2 /* HRM-Client */ = {
			isa = PBXGroup;
			children = (
				153CF7B9223823E500932AF2 /* HRM-Client.entitlements */,
				153CF7A72238224E00932AF2 /* AppDelegate.swift */,
				153CF7A92238224E00932AF2 /* ViewController.swift */,
				153CF7AB2238224E00932AF2 /* Main.storyboard */,
				153CF7AE2238224F00932AF2 /* Assets.xcassets */,
				153CF7B02238224F00932AF2 /* LaunchScreen.storyboard */,
				153CF7B32238224F00932AF2 /* Info.plist */,
			);
			path = "HRM-Client";
			sourceTree = "<group>";
		};
		153CF7BA223823E500932AF2 /* Frameworks */ = {
			isa = PBXGroup;
			children = (
				153CF7BB223823E500932AF2 /* HealthKit.framework */,
			);
			name = Frameworks;
			sourceTree = "<group>";
		};
/* End PBXGroup section */

/* Begin PBXNativeTarget section */
		153CF7A32238224E00932AF2 /* HRM-Client */ = {
			isa = PBXNativeTarget;
			buildConfigurationList = 153CF7B62238224F00932AF2 /* Build configuration list for PBXNativeTarget "HRM-Client" */;
			buildPhases = (
				153CF7A02238224E00932AF2 /* Sources */,
				153CF7A12238224E00932AF2 /* Frameworks */,
				153CF7A22238224E00932AF2 /* Resources */,
				156A4B3C2257CA5900229AA1 /* Embed Frameworks */,
			);
			buildRules = (
			);
			dependencies = (
			);
			name = "HRM-Client";
			productName = "HRM-Client";
			productReference = 153CF7A42238224E00932AF2 /* HRM-Client.app */;
			productType = "com.apple.product-type.application";
		};
/* End PBXNativeTarget section */

/* Begin PBXProject section */
		153CF79C2238224E00932AF2 /* Project object */ = {
			isa = PBXProject;
			attributes = {
				LastSwiftUpdateCheck = 1010;
				LastUpgradeCheck = 1010;
				ORGANIZATIONNAME = "Bruno Robert";
				TargetAttributes = {
					153CF7A32238224E00932AF2 = {
						CreatedOnToolsVersion = 10.1;
						SystemCapabilities = {
							com.apple.HealthKit = {
								enabled = 1;
							};
						};
					};
				};
			};
			buildConfigurationList = 153CF79F2238224E00932AF2 /* Build configuration list for PBXProject "HRM-Client" */;
			compatibilityVersion = "Xcode 9.3";
			developmentRegion = en;
			hasScannedForEncodings = 0;
			knownRegions = (
				en,
				Base,
			);
			mainGroup = 153CF79B2238224E00932AF2;
			productRefGroup = 153CF7A52238224E00932AF2 /* Products */;
			projectDirPath = "";
			projectRoot = "";
			targets = (
				153CF7A32238224E00932AF2 /* HRM-Client */,
			);
		};
/* End PBXProject section */

/* Begin PBXResourcesBuildPhase section */
		153CF7A22238224E00932AF2 /* Resources */ = {
			isa = PBXResourcesBuildPhase;
			buildActionMask = 2147483647;
			files = (
				153CF7B22238224F00932AF2 /* LaunchScreen.storyboard in Resources */,
				153CF7AF2238224F00932AF2 /* Assets.xcassets in Resources */,
				153CF7AD2238224E00932AF2 /* Main.storyboard in Resources */,
			);
			runOnlyForDeploymentPostprocessing = 0;
		};
/* End PBXResourcesBuildPhase section */

/* Begin PBXSourcesBuildPhase section */
		153CF7A02238224E00932AF2 /* Sources */ = {
			isa = PBXSourcesBuildPhase;
			buildActionMask = 2147483647;
			files = (
				153CF7AA2238224E00932AF2 /* ViewController.swift in Sources */,
				153CF7A82238224E00932AF2 /* AppDelegate.swift in Sources */,
			);
			runOnlyForDeploymentPostprocessing = 0;
		};
/* End PBXSourcesBuildPhase section */

/* Begin PBXVariantGroup section */
		153CF7AB2238224E00932AF2 /* Main.storyboard */ = {
			isa = PBXVariantGroup;
			children = (
				153CF7AC2238224E00932AF2 /* Base */,
			);
			name = Main.storyboard;
			sourceTree = "<group>";
		};
		153CF7B02238224F00932AF2 /* LaunchScreen.storyboard */ = {
			isa = PBXVariantGroup;
			children = (
				153CF7B12238224F00932AF2 /* Base */,
			);
			name = LaunchScreen.storyboard;
			sourceTree = "<group>";
		};
/* End PBXVariantGroup section */

/* Begin XCBuildConfiguration section */
		153CF7B42238224F00932AF2 /* Debug */ = {
			isa = XCBuildConfiguration;
			buildSettings = {
				ALWAYS_SEARCH_USER_PATHS = NO;
				CLANG_ANALYZER_NONNULL = YES;
				CLANG_ANALYZER_NUMBER_OBJECT_CONVERSION = YES_AGGRESSIVE;
				CLANG_CXX_LANGUAGE_STANDARD = "gnu++14";
				CLANG_CXX_LIBRARY = "libc++";
				CLANG_ENABLE_MODULES = YES;
				CLANG_ENABLE_OBJC_ARC = YES;
				CLANG_ENABLE_OBJC_WEAK = YES;
				CLANG_WARN_BLOCK_CAPTURE_AUTORELEASING = YES;
				CLANG_WARN_BOOL_CONVERSION = YES;
				CLANG_WARN_COMMA = YES;
				CLANG_WARN_CONSTANT_CONVERSION = YES;
				CLANG_WARN_DEPRECATED_OBJC_IMPLEMENTATIONS = YES;
				CLANG_WARN_DIRECT_OBJC_ISA_USAGE = YES_ERROR;
				CLANG_WARN_DOCUMENTATION_COMMENTS = YES;
				CLANG_WARN_EMPTY_BODY = YES;
				CLANG_WARN_ENUM_CONVERSION = YES;
				CLANG_WARN_INFINITE_RECURSION = YES;
				CLANG_WARN_INT_CONVERSION = YES;
				CLANG_WARN_NON_LITERAL_NULL_CONVERSION = YES;
				CLANG_WARN_OBJC_IMPLICIT_RETAIN_SELF = YES;
				CLANG_WARN_OBJC_LITERAL_CONVERSION = YES;
				CLANG_WARN_OBJC_ROOT_CLASS = YES_ERROR;
				CLANG_WARN_RANGE_LOOP_ANALYSIS = YES;
				CLANG_WARN_STRICT_PROTOTYPES = YES;
				CLANG_WARN_SUSPICIOUS_MOVE = YES;
				CLANG_WARN_UNGUARDED_AVAILABILITY = YES_AGGRESSIVE;
				CLANG_WARN_UNREACHABLE_CODE = YES;
				CLANG_WARN__DUPLICATE_METHOD_MATCH = YES;
				CODE_SIGN_IDENTITY = "iPhone Developer";
				COPY_PHASE_STRIP = NO;
				DEBUG_INFORMATION_FORMAT = dwarf;
				ENABLE_STRICT_OBJC_MSGSEND = YES;
				ENABLE_TESTABILITY = YES;
				GCC_C_LANGUAGE_STANDARD = gnu11;
				GCC_DYNAMIC_NO_PIC = NO;
				GCC_NO_COMMON_BLOCKS = YES;
				GCC_OPTIMIZATION_LEVEL = 0;
				GCC_PREPROCESSOR_DEFINITIONS = (
					"DEBUG=1",
					"$(inherited)",
				);
				GCC_WARN_64_TO_32_BIT_CONVERSION = YES;
				GCC_WARN_ABOUT_RETURN_TYPE = YES_ERROR;
				GCC_WARN_UNDECLARED_SELECTOR = YES;
				GCC_WARN_UNINITIALIZED_AUTOS = YES_AGGRESSIVE;
				GCC_WARN_UNUSED_FUNCTION = YES;
				GCC_WARN_UNUSED_VARIABLE = YES;
				IPHONEOS_DEPLOYMENT_TARGET = 12.1;
				MTL_ENABLE_DEBUG_INFO = INCLUDE_SOURCE;
				MTL_FAST_MATH = YES;
				ONLY_ACTIVE_ARCH = YES;
				SDKROOT = iphoneos;
				SWIFT_ACTIVE_COMPILATION_CONDITIONS = DEBUG;
				SWIFT_OPTIMIZATION_LEVEL = "-Onone";
			};
			name = Debug;
		};
		153CF7B52238224F00932AF2 /* Release */ = {
			isa = XCBuildConfiguration;
			buildSettings = {
				ALWAYS_SEARCH_USER_PATHS = NO;
				CLANG_ANALYZER_NONNULL = YES;
				CLANG_ANALYZER_NUMBER_OBJECT_CONVERSION = YES_AGGRESSIVE;
				CLANG_CXX_LANGUAGE_STANDARD = "gnu++14";
				CLANG_CXX_LIBRARY = "libc++";
				CLANG_ENABLE_MODULES = YES;
				CLANG_ENABLE_OBJC_ARC = YES;
				CLANG_ENABLE_OBJC_WEAK = YES;
				CLANG_WARN_BLOCK_CAPTURE_AUTORELEASING = YES;
				CLANG_WARN_BOOL_CONVERSION = YES;
				CLANG_WARN_COMMA = YES;
				CLANG_WARN_CONSTANT_CONVERSION = YES;
				CLANG_WARN_DEPRECATED_OBJC_IMPLEMENTATIONS = YES;
				CLANG_WARN_DIRECT_OBJC_ISA_USAGE = YES_ERROR;
				CLANG_WARN_DOCUMENTATION_COMMENTS = YES;
				CLANG_WARN_EMPTY_BODY = YES;
				CLANG_WARN_ENUM_CONVERSION = YES;
				CLANG_WARN_INFINITE_RECURSION = YES;
				CLANG_WARN_INT_CONVERSION = YES;
				CLANG_WARN_NON_LITERAL_NULL_CONVERSION = YES;
				CLANG_WARN_OBJC_IMPLICIT_RETAIN_SELF = YES;
				CLANG_WARN_OBJC_LITERAL_CONVERSION = YES;
				CLANG_WARN_OBJC_ROOT_CLASS = YES_ERROR;
				CLANG_WARN_RANGE_LOOP_ANALYSIS = YES;
				CLANG_WARN_STRICT_PROTOTYPES = YES;
				CLANG_WARN_SUSPICIOUS_MOVE = YES;
				CLANG_WARN_UNGUARDED_AVAILABILITY = YES_AGGRESSIVE;
				CLANG_WARN_UNREACHABLE_CODE = YES;
				CLANG_WARN__DUPLICATE_METHOD_MATCH = YES;
				CODE_SIGN_IDENTITY = "iPhone Developer";
				COPY_PHASE_STRIP = NO;
				DEBUG_INFORMATION_FORMAT = "dwarf-with-dsym";
				ENABLE_NS_ASSERTIONS = NO;
				ENABLE_STRICT_OBJC_MSGSEND = YES;
				GCC_C_LANGUAGE_STANDARD = gnu11;
				GCC_NO_COMMON_BLOCKS = YES;
				GCC_WARN_64_TO_32_BIT_CONVERSION = YES;
				GCC_WARN_ABOUT_RETURN_TYPE = YES_ERROR;
				GCC_WARN_UNDECLARED_SELECTOR = YES;
				GCC_WARN_UNINITIALIZED_AUTOS = YES_AGGRESSIVE;
				GCC_WARN_UNUSED_FUNCTION = YES;
				GCC_WARN_UNUSED_VARIABLE = YES;
				IPHONEOS_DEPLOYMENT_TARGET = 12.1;
				MTL_ENABLE_DEBUG_INFO = NO;
				MTL_FAST_MATH = YES;
				SDKROOT = iphoneos;
				SWIFT_COMPILATION_MODE = wholemodule;
				SWIFT_OPTIMIZATION_LEVEL = "-O";
				VALIDATE_PRODUCT = YES;
			};
			name = Release;
		};
		153CF7B72238224F00932AF2 /* Debug */ = {
			isa = XCBuildConfiguration;
			buildSettings = {
				ASSETCATALOG_COMPILER_APPICON_NAME = AppIcon;
				CODE_SIGN_ENTITLEMENTS = "HRM-Client/HRM-Client.entitlements";
				CODE_SIGN_STYLE = Automatic;
				DEVELOPMENT_TEAM = QEYP2C3WEU;
				FRAMEWORK_SEARCH_PATHS = (
					"$(inherited)",
					"$(PROJECT_DIR)/Carthage/Build/iOS",
				);
				INFOPLIST_FILE = "HRM-Client/Info.plist";
				LD_RUNPATH_SEARCH_PATHS = (
					"$(inherited)",
					"@executable_path/Frameworks",
				);
				PRODUCT_BUNDLE_IDENTIFIER = "uno.robertbr.HRM-Client";
				PRODUCT_NAME = "$(TARGET_NAME)";
				SWIFT_VERSION = 4.2;
				TARGETED_DEVICE_FAMILY = "1,2";
			};
			name = Debug;
		};
		153CF7B82238224F00932AF2 /* Release */ = {
			isa = XCBuildConfiguration;
			buildSettings = {
				ASSETCATALOG_COMPILER_APPICON_NAME = AppIcon;
				CODE_SIGN_ENTITLEMENTS = "HRM-Client/HRM-Client.entitlements";
				CODE_SIGN_STYLE = Automatic;
				DEVELOPMENT_TEAM = QEYP2C3WEU;
				FRAMEWORK_SEARCH_PATHS = (
					"$(inherited)",
					"$(PROJECT_DIR)/Carthage/Build/iOS",
				);
				INFOPLIST_FILE = "HRM-Client/Info.plist";
				LD_RUNPATH_SEARCH_PATHS = (
					"$(inherited)",
					"@executable_path/Frameworks",
				);
				PRODUCT_BUNDLE_IDENTIFIER = "uno.robertbr.HRM-Client";
				PRODUCT_NAME = "$(TARGET_NAME)";
				SWIFT_VERSION = 4.2;
				TARGETED_DEVICE_FAMILY = "1,2";
			};
			name = Release;
		};
/* End XCBuildConfiguration section */

/* Begin XCConfigurationList section */
		153CF79F2238224E00932AF2 /* Build configuration list for PBXProject "HRM-Client" */ = {
			isa = XCConfigurationList;
			buildConfigurations = (
				153CF7B42238224F00932AF2 /* Debug */,
				153CF7B52238224F00932AF2 /* Release */,
			);
			defaultConfigurationIsVisible = 0;
			defaultConfigurationName = Release;
		};
		153CF7B62238224F00932AF2 /* Build configuration list for PBXNativeTarget "HRM-Client" */ = {
			isa = XCConfigurationList;
			buildConfigurations = (
				153CF7B72238224F00932AF2 /* Debug */,
				153CF7B82238224F00932AF2 /* Release */,
			);
			defaultConfigurationIsVisible = 0;
			defaultConfigurationName = Release;
		};
/* End XCConfigurationList section */
	};
	rootObject = 153CF79C2238224E00932AF2 /* Project object */;
}
